# This file is automatically @generated by Poetry 1.8.2 and should not be changed by hand.

[[package]]
name = "duckdb"
version = "1.0.0"
description = "DuckDB in-process database"
optional = false
python-versions = ">=3.7.0"
files = [
    {file = "duckdb-1.0.0-cp310-cp310-macosx_12_0_arm64.whl", hash = "sha256:4a8ce2d1f9e1c23b9bab3ae4ca7997e9822e21563ff8f646992663f66d050211"},
    {file = "duckdb-1.0.0-cp310-cp310-macosx_12_0_universal2.whl", hash = "sha256:19797670f20f430196e48d25d082a264b66150c264c1e8eae8e22c64c2c5f3f5"},
    {file = "duckdb-1.0.0-cp310-cp310-macosx_12_0_x86_64.whl", hash = "sha256:b71c342090fe117b35d866a91ad6bffce61cd6ff3e0cff4003f93fc1506da0d8"},
    {file = "duckdb-1.0.0-cp310-cp310-manylinux_2_17_aarch64.manylinux2014_aarch64.whl", hash = "sha256:25dd69f44ad212c35ae2ea736b0e643ea2b70f204b8dff483af1491b0e2a4cec"},
    {file = "duckdb-1.0.0-cp310-cp310-manylinux_2_17_x86_64.manylinux2014_x86_64.whl", hash = "sha256:8da5f293ecb4f99daa9a9352c5fd1312a6ab02b464653a0c3a25ab7065c45d4d"},
    {file = "duckdb-1.0.0-cp310-cp310-manylinux_2_24_aarch64.manylinux_2_28_aarch64.whl", hash = "sha256:3207936da9967ddbb60644ec291eb934d5819b08169bc35d08b2dedbe7068c60"},
    {file = "duckdb-1.0.0-cp310-cp310-musllinux_1_2_x86_64.whl", hash = "sha256:1128d6c9c33e883b1f5df6b57c1eb46b7ab1baf2650912d77ee769aaa05111f9"},
    {file = "duckdb-1.0.0-cp310-cp310-win_amd64.whl", hash = "sha256:02310d263474d0ac238646677feff47190ffb82544c018b2ff732a4cb462c6ef"},
    {file = "duckdb-1.0.0-cp311-cp311-macosx_12_0_arm64.whl", hash = "sha256:75586791ab2702719c284157b65ecefe12d0cca9041da474391896ddd9aa71a4"},
    {file = "duckdb-1.0.0-cp311-cp311-macosx_12_0_universal2.whl", hash = "sha256:83bb415fc7994e641344f3489e40430ce083b78963cb1057bf714ac3a58da3ba"},
    {file = "duckdb-1.0.0-cp311-cp311-macosx_12_0_x86_64.whl", hash = "sha256:bee2e0b415074e84c5a2cefd91f6b5ebeb4283e7196ba4ef65175a7cef298b57"},
    {file = "duckdb-1.0.0-cp311-cp311-manylinux_2_17_aarch64.manylinux2014_aarch64.whl", hash = "sha256:fa5a4110d2a499312609544ad0be61e85a5cdad90e5b6d75ad16b300bf075b90"},
    {file = "duckdb-1.0.0-cp311-cp311-manylinux_2_17_x86_64.manylinux2014_x86_64.whl", hash = "sha256:5fa389e6a382d4707b5f3d1bc2087895925ebb92b77e9fe3bfb23c9b98372fdc"},
    {file = "duckdb-1.0.0-cp311-cp311-manylinux_2_24_aarch64.manylinux_2_28_aarch64.whl", hash = "sha256:7ede6f5277dd851f1a4586b0c78dc93f6c26da45e12b23ee0e88c76519cbdbe0"},
    {file = "duckdb-1.0.0-cp311-cp311-musllinux_1_2_x86_64.whl", hash = "sha256:0b88cdbc0d5c3e3d7545a341784dc6cafd90fc035f17b2f04bf1e870c68456e5"},
    {file = "duckdb-1.0.0-cp311-cp311-win_amd64.whl", hash = "sha256:fd1693cdd15375156f7fff4745debc14e5c54928589f67b87fb8eace9880c370"},
    {file = "duckdb-1.0.0-cp312-cp312-macosx_12_0_arm64.whl", hash = "sha256:c65a7fe8a8ce21b985356ee3ec0c3d3b3b2234e288e64b4cfb03356dbe6e5583"},
    {file = "duckdb-1.0.0-cp312-cp312-macosx_12_0_universal2.whl", hash = "sha256:e5a8eda554379b3a43b07bad00968acc14dd3e518c9fbe8f128b484cf95e3d16"},
    {file = "duckdb-1.0.0-cp312-cp312-macosx_12_0_x86_64.whl", hash = "sha256:a1b6acdd54c4a7b43bd7cb584975a1b2ff88ea1a31607a2b734b17960e7d3088"},
    {file = "duckdb-1.0.0-cp312-cp312-manylinux_2_17_aarch64.manylinux2014_aarch64.whl", hash = "sha256:a677bb1b6a8e7cab4a19874249d8144296e6e39dae38fce66a80f26d15e670df"},
    {file = "duckdb-1.0.0-cp312-cp312-manylinux_2_17_x86_64.manylinux2014_x86_64.whl", hash = "sha256:752e9d412b0a2871bf615a2ede54be494c6dc289d076974eefbf3af28129c759"},
    {file = "duckdb-1.0.0-cp312-cp312-manylinux_2_24_aarch64.manylinux_2_28_aarch64.whl", hash = "sha256:3aadb99d098c5e32d00dc09421bc63a47134a6a0de9d7cd6abf21780b678663c"},
    {file = "duckdb-1.0.0-cp312-cp312-musllinux_1_2_x86_64.whl", hash = "sha256:83b7091d4da3e9301c4f9378833f5ffe934fb1ad2b387b439ee067b2c10c8bb0"},
    {file = "duckdb-1.0.0-cp312-cp312-win_amd64.whl", hash = "sha256:6a8058d0148b544694cb5ea331db44f6c2a00a7b03776cc4dd1470735c3d5ff7"},
    {file = "duckdb-1.0.0-cp37-cp37m-manylinux_2_17_aarch64.manylinux2014_aarch64.whl", hash = "sha256:e40cb20e5ee19d44bc66ec99969af791702a049079dc5f248c33b1c56af055f4"},
    {file = "duckdb-1.0.0-cp37-cp37m-manylinux_2_17_x86_64.manylinux2014_x86_64.whl", hash = "sha256:d7bce1bc0de9af9f47328e24e6e7e39da30093179b1c031897c042dd94a59c8e"},
    {file = "duckdb-1.0.0-cp37-cp37m-manylinux_2_24_aarch64.manylinux_2_28_aarch64.whl", hash = "sha256:8355507f7a04bc0a3666958f4414a58e06141d603e91c0fa5a7c50e49867fb6d"},
    {file = "duckdb-1.0.0-cp37-cp37m-musllinux_1_2_x86_64.whl", hash = "sha256:39f1a46f5a45ad2886dc9b02ce5b484f437f90de66c327f86606d9ba4479d475"},
    {file = "duckdb-1.0.0-cp37-cp37m-win_amd64.whl", hash = "sha256:a6d29ba477b27ae41676b62c8fae8d04ee7cbe458127a44f6049888231ca58fa"},
    {file = "duckdb-1.0.0-cp38-cp38-macosx_12_0_arm64.whl", hash = "sha256:1bea713c1925918714328da76e79a1f7651b2b503511498ccf5e007a7e67d49e"},
    {file = "duckdb-1.0.0-cp38-cp38-macosx_12_0_universal2.whl", hash = "sha256:bfe67f3bcf181edbf6f918b8c963eb060e6aa26697d86590da4edc5707205450"},
    {file = "duckdb-1.0.0-cp38-cp38-macosx_12_0_x86_64.whl", hash = "sha256:dbc6093a75242f002be1d96a6ace3fdf1d002c813e67baff52112e899de9292f"},
    {file = "duckdb-1.0.0-cp38-cp38-manylinux_2_17_aarch64.manylinux2014_aarch64.whl", hash = "sha256:ba1881a2b11c507cee18f8fd9ef10100be066fddaa2c20fba1f9a664245cd6d8"},
    {file = "duckdb-1.0.0-cp38-cp38-manylinux_2_17_x86_64.manylinux2014_x86_64.whl", hash = "sha256:445d0bb35087c522705c724a75f9f1c13f1eb017305b694d2686218d653c8142"},
    {file = "duckdb-1.0.0-cp38-cp38-manylinux_2_24_aarch64.manylinux_2_28_aarch64.whl", hash = "sha256:224553432e84432ffb9684f33206572477049b371ce68cc313a01e214f2fbdda"},
    {file = "duckdb-1.0.0-cp38-cp38-musllinux_1_2_x86_64.whl", hash = "sha256:d3914032e47c4e76636ad986d466b63fdea65e37be8a6dfc484ed3f462c4fde4"},
    {file = "duckdb-1.0.0-cp38-cp38-win_amd64.whl", hash = "sha256:af9128a2eb7e1bb50cd2c2020d825fb2946fdad0a2558920cd5411d998999334"},
    {file = "duckdb-1.0.0-cp39-cp39-macosx_12_0_arm64.whl", hash = "sha256:dd2659a5dbc0df0de68f617a605bf12fe4da85ba24f67c08730984a0892087e8"},
    {file = "duckdb-1.0.0-cp39-cp39-macosx_12_0_universal2.whl", hash = "sha256:ac5a4afb0bc20725e734e0b2c17e99a274de4801aff0d4e765d276b99dad6d90"},
    {file = "duckdb-1.0.0-cp39-cp39-macosx_12_0_x86_64.whl", hash = "sha256:2c5a53bee3668d6e84c0536164589d5127b23d298e4c443d83f55e4150fafe61"},
    {file = "duckdb-1.0.0-cp39-cp39-manylinux_2_17_aarch64.manylinux2014_aarch64.whl", hash = "sha256:b980713244d7708b25ee0a73de0c65f0e5521c47a0e907f5e1b933d79d972ef6"},
    {file = "duckdb-1.0.0-cp39-cp39-manylinux_2_17_x86_64.manylinux2014_x86_64.whl", hash = "sha256:21cbd4f9fe7b7a56eff96c3f4d6778770dd370469ca2212eddbae5dd63749db5"},
    {file = "duckdb-1.0.0-cp39-cp39-manylinux_2_24_aarch64.manylinux_2_28_aarch64.whl", hash = "sha256:ed228167c5d49888c5ef36f6f9cbf65011c2daf9dcb53ea8aa7a041ce567b3e4"},
    {file = "duckdb-1.0.0-cp39-cp39-musllinux_1_2_x86_64.whl", hash = "sha256:46d8395fbcea7231fd5032a250b673cc99352fef349b718a23dea2c0dd2b8dec"},
    {file = "duckdb-1.0.0-cp39-cp39-win_amd64.whl", hash = "sha256:6ad1fc1a4d57e7616944166a5f9417bdbca1ea65c490797e3786e3a42e162d8a"},
    {file = "duckdb-1.0.0.tar.gz", hash = "sha256:a2a059b77bc7d5b76ae9d88e267372deff19c291048d59450c431e166233d453"},
]

[[package]]
name = "markdown-it-py"
version = "3.0.0"
description = "Python port of markdown-it. Markdown parsing, done right!"
optional = false
python-versions = ">=3.8"
files = [
    {file = "markdown-it-py-3.0.0.tar.gz", hash = "sha256:e3f60a94fa066dc52ec76661e37c851cb232d92f9886b15cb560aaada2df8feb"},
    {file = "markdown_it_py-3.0.0-py3-none-any.whl", hash = "sha256:355216845c60bd96232cd8d8c40e8f9765cc86f46880e43a8fd22dc1a1a8cab1"},
]

[package.dependencies]
mdurl = ">=0.1,<1.0"

[package.extras]
benchmarking = ["psutil", "pytest", "pytest-benchmark"]
code-style = ["pre-commit (>=3.0,<4.0)"]
compare = ["commonmark (>=0.9,<1.0)", "markdown (>=3.4,<4.0)", "mistletoe (>=1.0,<2.0)", "mistune (>=2.0,<3.0)", "panflute (>=2.3,<3.0)"]
linkify = ["linkify-it-py (>=1,<3)"]
plugins = ["mdit-py-plugins"]
profiling = ["gprof2dot"]
rtd = ["jupyter_sphinx", "mdit-py-plugins", "myst-parser", "pyyaml", "sphinx", "sphinx-copybutton", "sphinx-design", "sphinx_book_theme"]
testing = ["coverage", "pytest", "pytest-cov", "pytest-regressions"]

[[package]]
name = "mdurl"
version = "0.1.2"
description = "Markdown URL utilities"
optional = false
python-versions = ">=3.7"
files = [
    {file = "mdurl-0.1.2-py3-none-any.whl", hash = "sha256:84008a41e51615a49fc9966191ff91509e3c40b939176e643fd50a5c2196b8f8"},
    {file = "mdurl-0.1.2.tar.gz", hash = "sha256:bb413d29f5eea38f31dd4754dd7377d4465116fb207585f97bf925588687c1ba"},
]

[[package]]
name = "pygments"
version = "2.18.0"
description = "Pygments is a syntax highlighting package written in Python."
optional = false
python-versions = ">=3.8"
files = [
    {file = "pygments-2.18.0-py3-none-any.whl", hash = "sha256:b8e6aca0523f3ab76fee51799c488e38782ac06eafcf95e7ba832985c8e7b13a"},
    {file = "pygments-2.18.0.tar.gz", hash = "sha256:786ff802f32e91311bff3889f6e9a86e81505fe99f2735bb6d60ae0c5004f199"},
]

[package.extras]
windows-terminal = ["colorama (>=0.4.6)"]

[[package]]
name = "rich"
version = "13.7.1"
description = "Render rich text, tables, progress bars, syntax highlighting, markdown and more to the terminal"
optional = false
python-versions = ">=3.7.0"
files = [
    {file = "rich-13.7.1-py3-none-any.whl", hash = "sha256:4edbae314f59eb482f54e9e30bf00d33350aaa94f4bfcd4e9e3110e64d0d7222"},
    {file = "rich-13.7.1.tar.gz", hash = "sha256:9be308cb1fe2f1f57d67ce99e95af38a1e2bc71ad9813b0e247cf7ffbcc3a432"},
]

[package.dependencies]
markdown-it-py = ">=2.2.0"
pygments = ">=2.13.0,<3.0.0"

[package.extras]
jupyter = ["ipywidgets (>=7.5.1,<9)"]

[[package]]
name = "ruff"
version = "0.5.1"
description = "An extremely fast Python linter and code formatter, written in Rust."
optional = false
python-versions = ">=3.7"
files = [
    {file = "ruff-0.5.1-py3-none-linux_armv6l.whl", hash = "sha256:6ecf968fcf94d942d42b700af18ede94b07521bd188aaf2cd7bc898dd8cb63b6"},
    {file = "ruff-0.5.1-py3-none-macosx_10_12_x86_64.whl", hash = "sha256:204fb0a472f00f2e6280a7c8c7c066e11e20e23a37557d63045bf27a616ba61c"},
    {file = "ruff-0.5.1-py3-none-macosx_11_0_arm64.whl", hash = "sha256:d235968460e8758d1e1297e1de59a38d94102f60cafb4d5382033c324404ee9d"},
    {file = "ruff-0.5.1-py3-none-manylinux_2_17_aarch64.manylinux2014_aarch64.whl", hash = "sha256:38beace10b8d5f9b6bdc91619310af6d63dd2019f3fb2d17a2da26360d7962fa"},
    {file = "ruff-0.5.1-py3-none-manylinux_2_17_armv7l.manylinux2014_armv7l.whl", hash = "sha256:5e478d2f09cf06add143cf8c4540ef77b6599191e0c50ed976582f06e588c994"},
    {file = "ruff-0.5.1-py3-none-manylinux_2_17_i686.manylinux2014_i686.whl", hash = "sha256:f0368d765eec8247b8550251c49ebb20554cc4e812f383ff9f5bf0d5d94190b0"},
    {file = "ruff-0.5.1-py3-none-manylinux_2_17_ppc64.manylinux2014_ppc64.whl", hash = "sha256:3a9a9a1b582e37669b0138b7c1d9d60b9edac880b80eb2baba6d0e566bdeca4d"},
    {file = "ruff-0.5.1-py3-none-manylinux_2_17_ppc64le.manylinux2014_ppc64le.whl", hash = "sha256:bdd9f723e16003623423affabcc0a807a66552ee6a29f90eddad87a40c750b78"},
    {file = "ruff-0.5.1-py3-none-manylinux_2_17_s390x.manylinux2014_s390x.whl", hash = "sha256:be9fd62c1e99539da05fcdc1e90d20f74aec1b7a1613463ed77870057cd6bd96"},
    {file = "ruff-0.5.1-py3-none-manylinux_2_17_x86_64.manylinux2014_x86_64.whl", hash = "sha256:e216fc75a80ea1fbd96af94a6233d90190d5b65cc3d5dfacf2bd48c3e067d3e1"},
    {file = "ruff-0.5.1-py3-none-musllinux_1_2_aarch64.whl", hash = "sha256:c4c2112e9883a40967827d5c24803525145e7dab315497fae149764979ac7929"},
    {file = "ruff-0.5.1-py3-none-musllinux_1_2_armv7l.whl", hash = "sha256:dfaf11c8a116394da3b65cd4b36de30d8552fa45b8119b9ef5ca6638ab964fa3"},
    {file = "ruff-0.5.1-py3-none-musllinux_1_2_i686.whl", hash = "sha256:d7ceb9b2fe700ee09a0c6b192c5ef03c56eb82a0514218d8ff700f6ade004108"},
    {file = "ruff-0.5.1-py3-none-musllinux_1_2_x86_64.whl", hash = "sha256:bac6288e82f6296f82ed5285f597713acb2a6ae26618ffc6b429c597b392535c"},
    {file = "ruff-0.5.1-py3-none-win32.whl", hash = "sha256:5c441d9c24ec09e1cb190a04535c5379b36b73c4bc20aa180c54812c27d1cca4"},
    {file = "ruff-0.5.1-py3-none-win_amd64.whl", hash = "sha256:b1789bf2cd3d1b5a7d38397cac1398ddf3ad7f73f4de01b1e913e2abc7dfc51d"},
    {file = "ruff-0.5.1-py3-none-win_arm64.whl", hash = "sha256:2875b7596a740cbbd492f32d24be73e545a4ce0a3daf51e4f4e609962bfd3cd2"},
    {file = "ruff-0.5.1.tar.gz", hash = "sha256:3164488aebd89b1745b47fd00604fb4358d774465f20d1fcd907f9c0fc1b0655"},
]

[metadata]
lock-version = "2.0"
python-versions = "^3.12"
content-hash = "4438d47d926b4324f9d2981094131de4fc5a7b3b3a4a2e05596e980ff54b6fca"
